# This file is automatically @generated by Cargo.
# It is not intended for manual editing.
version = 3

[[package]]
name = "sharded-hashmap"
version = "0.1.0"
dependencies = [
 "voracious_radix_sort",
]

[[package]]
name = "voracious_radix_sort"
version = "1.2.0"
source = "registry+https://github.com/rust-lang/crates.io-index"
checksum = "446e7ffcb6c27a71d05af7e51ef2ee5b71c48424b122a832f2439651e1914899"
